
Microsoft Visual Studio Solution File, Format Version 12.00
# Visual Studio Version 16
VisualStudioVersion = 16.0.29411.108
MinimumVisualStudioVersion = 10.0.40219.1
Project("{FAE04EC0-301F-11D3-BF4B-00C04F79EFBC}") = "ExerciciosUri", "ExerciciosUri\ExerciciosUri.csproj", "{1BF7DA78-43BA-4B61-BA1D-E9D80C101194}"
EndProject
Project("{FAE04EC0-301F-11D3-BF4B-00C04F79EFBC}") = "Exercicio_1", "Exercicio_1\Exercicio_1.csproj", "{62D70ABA-B931-4245-91B2-A313A7B191EE}"
EndProject
Project("{FAE04EC0-301F-11D3-BF4B-00C04F79EFBC}") = "Exercicio_2", "Exercicio_2\Exercicio_2.csproj", "{A892CD56-72F0-4035-A657-7217BD48BC6C}"
EndProject
Project("{FAE04EC0-301F-11D3-BF4B-00C04F79EFBC}") = "Exercicio_3", "Exercicio_3\Exercicio_3.csproj", "{F9054E24-968A-4B6A-9A7F-A627D376A768}"
EndProject
Project("{FAE04EC0-301F-11D3-BF4B-00C04F79EFBC}") = "Exercicio_4", "Exercicio_4\Exercicio_4.csproj", "{C761BF66-D3EA-4568-8A67-6C361CCC72F1}"
EndProject
Project("{FAE04EC0-301F-11D3-BF4B-00C04F79EFBC}") = "Exercicio_5", "Exercicio_5\Exercicio_5.csproj", "{18B1929F-6E4D-4392-8AF2-9D957A0A0323}"
EndProject
Project("{FAE04EC0-301F-11D3-BF4B-00C04F79EFBC}") = "Exercicio_6", "Exercicio_6\Exercicio_6.csproj", "{903A4091-9D45-4D71-9A16-1DDADFD36814}"
EndProject
Project("{FAE04EC0-301F-11D3-BF4B-00C04F79EFBC}") = "Exercicio_7", "Exercicio_7\Exercicio_7.csproj", "{DE5777F5-91E2-4B0B-A51C-DB3EDAE39A12}"
EndProject
Project("{FAE04EC0-301F-11D3-BF4B-00C04F79EFBC}") = "Exercicio_8", "Exercicio_8\Exercicio_8.csproj", "{D1C57AB4-B618-4EAA-ADDC-B02CB63B8C05}"
EndProject
Project("{FAE04EC0-301F-11D3-BF4B-00C04F79EFBC}") = "Exercicio_9", "Exercicio_9\Exercicio_9.csproj", "{BCA02C4D-A412-49F0-AB0A-625C4C071728}"
EndProject
Project("{FAE04EC0-301F-11D3-BF4B-00C04F79EFBC}") = "Exercicio_9_10", "Exercicio_10\Exercicio_9_10.csproj", "{7261EEBF-F5CA-40B8-A3E9-589F79D4CF01}"
EndProject
Project("{FAE04EC0-301F-11D3-BF4B-00C04F79EFBC}") = "Exercicio_9_11", "Exercicio_9_11\Exercicio_9_11.csproj", "{A95DE34E-8E2E-48D4-A7AD-8AC8AEFB16E9}"
EndProject
Project("{FAE04EC0-301F-11D3-BF4B-00C04F79EFBC}") = "Exercicio_9_12", "Exercicio_9_12\Exercicio_9_12.csproj", "{F6183EA8-79E9-4F3F-9801-FFEE84944BF0}"
EndProject
Project("{FAE04EC0-301F-11D3-BF4B-00C04F79EFBC}") = "Exercicio_9_13", "Exercicio_9_13\Exercicio_9_13.csproj", "{1292CD1C-7A07-4F94-8DA9-4E9ABC966271}"
EndProject
Project("{FAE04EC0-301F-11D3-BF4B-00C04F79EFBC}") = "Exercicio_9_14", "Exercicio_9_14\Exercicio_9_14.csproj", "{298607A6-0076-4645-A56C-51A3B618F6E7}"
EndProject
Project("{FAE04EC0-301F-11D3-BF4B-00C04F79EFBC}") = "Exercicio_9_15", "Exercicio_9_15\Exercicio_9_15.csproj", "{626348AE-4E2A-48B0-B6B2-9B6C0F160B08}"
EndProject
Project("{FAE04EC0-301F-11D3-BF4B-00C04F79EFBC}") = "Exercicio_9_16", "Exercicio_9_16\Exercicio_9_16.csproj", "{9B11DBCA-9679-4292-8C81-5E70E6B80E68}"
EndProject
Project("{FAE04EC0-301F-11D3-BF4B-00C04F79EFBC}") = "Exercicio_9_17", "Exercicio_9_17\Exercicio_9_17.csproj", "{87D28F55-1766-41AA-87B3-5DB2FBD6802B}"
EndProject
Project("{FAE04EC0-301F-11D3-BF4B-00C04F79EFBC}") = "Exercicio_9_18", "Exercicio_9_18\Exercicio_9_18.csproj", "{CC7C39E0-BC7B-407A-895A-BEA78B06419E}"
EndProject
Project("{FAE04EC0-301F-11D3-BF4B-00C04F79EFBC}") = "Exercicio_9_19", "Exercicio_9_19\Exercicio_9_19.csproj", "{96063F20-7F57-43F3-9670-7F2F26DBB965}"
EndProject
Project("{FAE04EC0-301F-11D3-BF4B-00C04F79EFBC}") = "Exercicio_9_20", "Exercicio_9_20\Exercicio_9_20.csproj", "{FD3E01E5-9467-4D3D-A005-EE082285AA58}"
EndProject
Project("{FAE04EC0-301F-11D3-BF4B-00C04F79EFBC}") = "Exercicio_9_21", "Exercicio_9_21\Exercicio_9_21.csproj", "{6EB30CC1-3576-410D-BAF9-271771A549B6}"
EndProject
Project("{FAE04EC0-301F-11D3-BF4B-00C04F79EFBC}") = "Exercicio_9_22", "Exercicio_9_22\Exercicio_9_22.csproj", "{6A0EC8B1-933D-45B1-A6A5-9BD3C1900F99}"
EndProject
Project("{FAE04EC0-301F-11D3-BF4B-00C04F79EFBC}") = "Exercicio_9_23", "Exercicio_9_23\Exercicio_9_23.csproj", "{9E829801-3CCF-49CC-8681-7A28E7824A97}"
EndProject
Project("{FAE04EC0-301F-11D3-BF4B-00C04F79EFBC}") = "Exercicio_9_24", "Exercicio_9_24\Exercicio_9_24.csproj", "{EADAB894-D963-44C4-9DBA-30B08221B981}"
EndProject
Project("{FAE04EC0-301F-11D3-BF4B-00C04F79EFBC}") = "Exercicio_9_25", "Exercicio_9_25\Exercicio_9_25.csproj", "{678B8858-10F1-4848-A0AB-5D85735CC369}"
EndProject
Project("{FAE04EC0-301F-11D3-BF4B-00C04F79EFBC}") = "Exercicio_9_26", "Exercicio_9_26\Exercicio_9_26.csproj", "{B71A048B-3C81-4DDF-BC8E-4C7FF6D52E00}"
EndProject
Project("{FAE04EC0-301F-11D3-BF4B-00C04F79EFBC}") = "Exercicio_9_27", "Exercicio_9_27\Exercicio_9_27.csproj", "{A5B584E4-506F-435A-9E27-B751532F1613}"
EndProject
Project("{FAE04EC0-301F-11D3-BF4B-00C04F79EFBC}") = "Exercicio_9_28", "Exercicio_9_28\Exercicio_9_28.csproj", "{8C6A4C2E-46E5-4CC7-ADE1-DD9A16DB0EB1}"
EndProject
Project("{FAE04EC0-301F-11D3-BF4B-00C04F79EFBC}") = "Exercicio_9_29", "Exercicio_9_29\Exercicio_9_29.csproj", "{2382F5FD-A29F-4F5A-8B75-9AC24441417F}"
EndProject
Project("{FAE04EC0-301F-11D3-BF4B-00C04F79EFBC}") = "Exercicio_9_30", "Exercicio_9_30\Exercicio_9_30.csproj", "{3552B68E-2DCC-4097-A0F4-BBD1FD94DF1B}"
EndProject
Project("{FAE04EC0-301F-11D3-BF4B-00C04F79EFBC}") = "Exercicio_9_31", "Exercicio_9_31\Exercicio_9_31.csproj", "{A7A02945-890E-4A42-A15D-CF4872C24069}"
EndProject
Project("{FAE04EC0-301F-11D3-BF4B-00C04F79EFBC}") = "Exercicio_9_32", "Exercicio_9_32\Exercicio_9_32.csproj", "{E9EB8F05-E252-455D-B47F-238B38C2761B}"
EndProject
Project("{FAE04EC0-301F-11D3-BF4B-00C04F79EFBC}") = "Exercicio_9_33", "Exercicio_9_33\Exercicio_9_33.csproj", "{5BEBACC2-DE40-4682-A34B-F8642E076DA9}"
EndProject
Project("{FAE04EC0-301F-11D3-BF4B-00C04F79EFBC}") = "Exercicio_9_34", "Exercicio_9_34\Exercicio_9_34.csproj", "{DBC76971-921E-4815-8BEE-3CAA063A5340}"
EndProject
Project("{FAE04EC0-301F-11D3-BF4B-00C04F79EFBC}") = "Exercicio_9_35", "Exercicio_9_35\Exercicio_9_35.csproj", "{5B0192B3-8B75-4DE6-A4DB-790BCC4FE530}"
EndProject
Project("{FAE04EC0-301F-11D3-BF4B-00C04F79EFBC}") = "Exercicio_9_36", "Exercicio_9_36\Exercicio_9_36.csproj", "{8FEDFF69-63C3-4C3C-AFFB-19B44190C2E2}"
EndProject
Project("{FAE04EC0-301F-11D3-BF4B-00C04F79EFBC}") = "Exercicio_9_37", "Exercicio_9_37\Exercicio_9_37.csproj", "{6713A476-7266-4A88-920D-83E9F8BF6FE2}"
EndProject
Project("{FAE04EC0-301F-11D3-BF4B-00C04F79EFBC}") = "Exercicio_9_38", "Exercicio_9_38\Exercicio_9_38.csproj", "{A38756A6-8513-40E6-A1B8-518EA4DAB48F}"
EndProject
Project("{FAE04EC0-301F-11D3-BF4B-00C04F79EFBC}") = "Exercicio_9_39", "Exercicio_9_39\Exercicio_9_39.csproj", "{120F8D06-689F-4AA4-B80F-C298936F905C}"
EndProject
Project("{FAE04EC0-301F-11D3-BF4B-00C04F79EFBC}") = "Exercicio_9_40", "Exercicio_9_40\Exercicio_9_40.csproj", "{215208C7-13E8-4CCC-8B39-0748B8DB4F98}"
EndProject
Project("{FAE04EC0-301F-11D3-BF4B-00C04F79EFBC}") = "Exercicio_9_41", "Exercicio_9_41\Exercicio_9_41.csproj", "{8C6FC567-7F5D-40CE-BC48-AD030D87F95F}"
EndProject
Project("{FAE04EC0-301F-11D3-BF4B-00C04F79EFBC}") = "Exercicio_9_42", "Exercicio_9_42\Exercicio_9_42.csproj", "{364682C2-3FA0-4922-9731-95E9526701F8}"
EndProject
Project("{FAE04EC0-301F-11D3-BF4B-00C04F79EFBC}") = "Exercicio_9_43", "Exercicio_9_43\Exercicio_9_43.csproj", "{0A621A28-0CB6-454D-8E7C-3A3282E8BDB6}"
EndProject
Project("{FAE04EC0-301F-11D3-BF4B-00C04F79EFBC}") = "Exercicio_9_44", "Exercicio_9_44\Exercicio_9_44.csproj", "{99DBDB56-3BE4-42A5-9158-F65FB1654B68}"
EndProject
Project("{FAE04EC0-301F-11D3-BF4B-00C04F79EFBC}") = "Exercicio_9_45", "Exercicio_9_45\Exercicio_9_45.csproj", "{DE9A8213-85DC-4C54-BEF9-219D04EDA1D3}"
EndProject
Project("{FAE04EC0-301F-11D3-BF4B-00C04F79EFBC}") = "Exercicio_9_46", "Exercicio_9_46\Exercicio_9_46.csproj", "{5E34A077-F61D-4B1F-989E-6607F54DDDB4}"
EndProject
Project("{FAE04EC0-301F-11D3-BF4B-00C04F79EFBC}") = "Exercicio_9_47", "Exercicio_9_47\Exercicio_9_47.csproj", "{5B7E539B-2AEF-4794-A2F4-2941EAF44239}"
EndProject
Project("{FAE04EC0-301F-11D3-BF4B-00C04F79EFBC}") = "Exercicio_9_48", "Exercicio_9_48\Exercicio_9_48.csproj", "{2AAD541F-93EE-4967-B423-6906FF887EEC}"
EndProject
Project("{FAE04EC0-301F-11D3-BF4B-00C04F79EFBC}") = "Exercicio_9_49", "Exercicio_9_49\Exercicio_9_49.csproj", "{91A361C8-9E94-469D-BCAE-9C7F77331A31}"
EndProject
Project("{FAE04EC0-301F-11D3-BF4B-00C04F79EFBC}") = "Exercicio_9_50", "Exercicio_9_50\Exercicio_9_50.csproj", "{77771F17-A1DB-436A-A06F-6D656A899300}"
EndProject
Project("{FAE04EC0-301F-11D3-BF4B-00C04F79EFBC}") = "Exercicio_9_51", "Exercicio_9_51\Exercicio_9_51.csproj", "{DC02BEC8-D31C-4583-A65F-71805825E851}"
EndProject
Project("{FAE04EC0-301F-11D3-BF4B-00C04F79EFBC}") = "Exercicio_9_52", "Exercicio_9_52\Exercicio_9_52.csproj", "{8AB8EC94-C5FB-41C3-92D9-C5E0D6ED01BF}"
EndProject
Project("{FAE04EC0-301F-11D3-BF4B-00C04F79EFBC}") = "Exercicio_9_53", "Exercicio_9_53\Exercicio_9_53.csproj", "{F8EAEC9B-762F-4DFC-B2A2-731294CC04DF}"
EndProject
Project("{FAE04EC0-301F-11D3-BF4B-00C04F79EFBC}") = "Exercicio_9_54", "Exercicio_9_54\Exercicio_9_54.csproj", "{AD1B7AD5-AF1C-4A69-B720-532FED52A000}"
EndProject
Project("{FAE04EC0-301F-11D3-BF4B-00C04F79EFBC}") = "Exercicio_9_55", "Exercicio_9_55\Exercicio_9_55.csproj", "{F235E1D7-40CC-44CC-8D85-0FB79AA04C66}"
EndProject
Project("{FAE04EC0-301F-11D3-BF4B-00C04F79EFBC}") = "Exercicio_9_56", "Exercicio_9_56\Exercicio_9_56.csproj", "{C6368CBB-57E2-4B02-AB1D-55186DDEBE27}"
EndProject
Project("{FAE04EC0-301F-11D3-BF4B-00C04F79EFBC}") = "Exercicio_9_57", "Exercicio_9_57\Exercicio_9_57.csproj", "{B61A258C-483A-469D-8E18-7EE04B99AB25}"
EndProject
Project("{FAE04EC0-301F-11D3-BF4B-00C04F79EFBC}") = "Exercicio_9_58", "Exercicio_9_58\Exercicio_9_58.csproj", "{D68020FD-4798-4D5A-949E-8EE8ACC8BEB5}"
EndProject
Project("{FAE04EC0-301F-11D3-BF4B-00C04F79EFBC}") = "Exercicio_9_59", "Exercicio_9_59\Exercicio_9_59.csproj", "{E1BEB344-C772-4507-870A-0CB45CCFC345}"
EndProject
Project("{FAE04EC0-301F-11D3-BF4B-00C04F79EFBC}") = "Exercicio_9_60", "Exercicio_9_60\Exercicio_9_60.csproj", "{1899ABAB-577E-40ED-8B4B-AAB40A2A8AB8}"
EndProject
Project("{FAE04EC0-301F-11D3-BF4B-00C04F79EFBC}") = "Exercicio_9_61", "Exercicio_9_61\Exercicio_9_61.csproj", "{0D1F17E8-EEB7-4B14-8D02-108C6EE6F44A}"
EndProject
Project("{FAE04EC0-301F-11D3-BF4B-00C04F79EFBC}") = "Exercicio_9_62", "Exercicio_9_62\Exercicio_9_62.csproj", "{87CC4818-CCD8-4C99-A8DA-FDBD8769BB6C}"
EndProject
Project("{FAE04EC0-301F-11D3-BF4B-00C04F79EFBC}") = "Exercicio_9_63", "Exercicio_9_63\Exercicio_9_63.csproj", "{05CC02A3-E2AD-442F-BAE5-C6B510735702}"
EndProject
Project("{FAE04EC0-301F-11D3-BF4B-00C04F79EFBC}") = "Exercicio_9_64", "Exercicio_9_64\Exercicio_9_64.csproj", "{07F51CA9-F07D-490C-B7D7-4F8D7EE860B6}"
EndProject
Project("{FAE04EC0-301F-11D3-BF4B-00C04F79EFBC}") = "Exercicio_9_65", "Exercicio_9_65\Exercicio_9_65.csproj", "{EE0E0F62-E07F-4C94-B50C-2A77E5C8B850}"
EndProject
Project("{FAE04EC0-301F-11D3-BF4B-00C04F79EFBC}") = "Exercicio_9_66", "Exercicio_9_66\Exercicio_9_66.csproj", "{FE85AC9E-CC65-4C0E-8F3C-69C9B032D044}"
EndProject
Project("{FAE04EC0-301F-11D3-BF4B-00C04F79EFBC}") = "Exercicio_9_67", "Exercicio_9_67\Exercicio_9_67.csproj", "{64E50120-347E-42F8-BC10-02AB70D4940A}"
EndProject
Global
	GlobalSection(SolutionConfigurationPlatforms) = preSolution
		Debug|Any CPU = Debug|Any CPU
		Release|Any CPU = Release|Any CPU
	EndGlobalSection
	GlobalSection(ProjectConfigurationPlatforms) = postSolution
		{1BF7DA78-43BA-4B61-BA1D-E9D80C101194}.Debug|Any CPU.ActiveCfg = Debug|Any CPU
		{1BF7DA78-43BA-4B61-BA1D-E9D80C101194}.Debug|Any CPU.Build.0 = Debug|Any CPU
		{1BF7DA78-43BA-4B61-BA1D-E9D80C101194}.Release|Any CPU.ActiveCfg = Release|Any CPU
		{1BF7DA78-43BA-4B61-BA1D-E9D80C101194}.Release|Any CPU.Build.0 = Release|Any CPU
		{62D70ABA-B931-4245-91B2-A313A7B191EE}.Debug|Any CPU.ActiveCfg = Debug|Any CPU
		{62D70ABA-B931-4245-91B2-A313A7B191EE}.Debug|Any CPU.Build.0 = Debug|Any CPU
		{62D70ABA-B931-4245-91B2-A313A7B191EE}.Release|Any CPU.ActiveCfg = Release|Any CPU
		{62D70ABA-B931-4245-91B2-A313A7B191EE}.Release|Any CPU.Build.0 = Release|Any CPU
		{A892CD56-72F0-4035-A657-7217BD48BC6C}.Debug|Any CPU.ActiveCfg = Debug|Any CPU
		{A892CD56-72F0-4035-A657-7217BD48BC6C}.Debug|Any CPU.Build.0 = Debug|Any CPU
		{A892CD56-72F0-4035-A657-7217BD48BC6C}.Release|Any CPU.ActiveCfg = Release|Any CPU
		{A892CD56-72F0-4035-A657-7217BD48BC6C}.Release|Any CPU.Build.0 = Release|Any CPU
		{F9054E24-968A-4B6A-9A7F-A627D376A768}.Debug|Any CPU.ActiveCfg = Debug|Any CPU
		{F9054E24-968A-4B6A-9A7F-A627D376A768}.Debug|Any CPU.Build.0 = Debug|Any CPU
		{F9054E24-968A-4B6A-9A7F-A627D376A768}.Release|Any CPU.ActiveCfg = Release|Any CPU
		{F9054E24-968A-4B6A-9A7F-A627D376A768}.Release|Any CPU.Build.0 = Release|Any CPU
		{C761BF66-D3EA-4568-8A67-6C361CCC72F1}.Debug|Any CPU.ActiveCfg = Debug|Any CPU
		{C761BF66-D3EA-4568-8A67-6C361CCC72F1}.Debug|Any CPU.Build.0 = Debug|Any CPU
		{C761BF66-D3EA-4568-8A67-6C361CCC72F1}.Release|Any CPU.ActiveCfg = Release|Any CPU
		{C761BF66-D3EA-4568-8A67-6C361CCC72F1}.Release|Any CPU.Build.0 = Release|Any CPU
		{18B1929F-6E4D-4392-8AF2-9D957A0A0323}.Debug|Any CPU.ActiveCfg = Debug|Any CPU
		{18B1929F-6E4D-4392-8AF2-9D957A0A0323}.Debug|Any CPU.Build.0 = Debug|Any CPU
		{18B1929F-6E4D-4392-8AF2-9D957A0A0323}.Release|Any CPU.ActiveCfg = Release|Any CPU
		{18B1929F-6E4D-4392-8AF2-9D957A0A0323}.Release|Any CPU.Build.0 = Release|Any CPU
		{903A4091-9D45-4D71-9A16-1DDADFD36814}.Debug|Any CPU.ActiveCfg = Debug|Any CPU
		{903A4091-9D45-4D71-9A16-1DDADFD36814}.Debug|Any CPU.Build.0 = Debug|Any CPU
		{903A4091-9D45-4D71-9A16-1DDADFD36814}.Release|Any CPU.ActiveCfg = Release|Any CPU
		{903A4091-9D45-4D71-9A16-1DDADFD36814}.Release|Any CPU.Build.0 = Release|Any CPU
		{DE5777F5-91E2-4B0B-A51C-DB3EDAE39A12}.Debug|Any CPU.ActiveCfg = Debug|Any CPU
		{DE5777F5-91E2-4B0B-A51C-DB3EDAE39A12}.Debug|Any CPU.Build.0 = Debug|Any CPU
		{DE5777F5-91E2-4B0B-A51C-DB3EDAE39A12}.Release|Any CPU.ActiveCfg = Release|Any CPU
		{DE5777F5-91E2-4B0B-A51C-DB3EDAE39A12}.Release|Any CPU.Build.0 = Release|Any CPU
		{D1C57AB4-B618-4EAA-ADDC-B02CB63B8C05}.Debug|Any CPU.ActiveCfg = Debug|Any CPU
		{D1C57AB4-B618-4EAA-ADDC-B02CB63B8C05}.Debug|Any CPU.Build.0 = Debug|Any CPU
		{D1C57AB4-B618-4EAA-ADDC-B02CB63B8C05}.Release|Any CPU.ActiveCfg = Release|Any CPU
		{D1C57AB4-B618-4EAA-ADDC-B02CB63B8C05}.Release|Any CPU.Build.0 = Release|Any CPU
		{BCA02C4D-A412-49F0-AB0A-625C4C071728}.Debug|Any CPU.ActiveCfg = Debug|Any CPU
		{BCA02C4D-A412-49F0-AB0A-625C4C071728}.Debug|Any CPU.Build.0 = Debug|Any CPU
		{BCA02C4D-A412-49F0-AB0A-625C4C071728}.Release|Any CPU.ActiveCfg = Release|Any CPU
		{BCA02C4D-A412-49F0-AB0A-625C4C071728}.Release|Any CPU.Build.0 = Release|Any CPU
		{7261EEBF-F5CA-40B8-A3E9-589F79D4CF01}.Debug|Any CPU.ActiveCfg = Debug|Any CPU
		{7261EEBF-F5CA-40B8-A3E9-589F79D4CF01}.Debug|Any CPU.Build.0 = Debug|Any CPU
		{7261EEBF-F5CA-40B8-A3E9-589F79D4CF01}.Release|Any CPU.ActiveCfg = Release|Any CPU
		{7261EEBF-F5CA-40B8-A3E9-589F79D4CF01}.Release|Any CPU.Build.0 = Release|Any CPU
		{A95DE34E-8E2E-48D4-A7AD-8AC8AEFB16E9}.Debug|Any CPU.ActiveCfg = Debug|Any CPU
		{A95DE34E-8E2E-48D4-A7AD-8AC8AEFB16E9}.Debug|Any CPU.Build.0 = Debug|Any CPU
		{A95DE34E-8E2E-48D4-A7AD-8AC8AEFB16E9}.Release|Any CPU.ActiveCfg = Release|Any CPU
		{A95DE34E-8E2E-48D4-A7AD-8AC8AEFB16E9}.Release|Any CPU.Build.0 = Release|Any CPU
		{F6183EA8-79E9-4F3F-9801-FFEE84944BF0}.Debug|Any CPU.ActiveCfg = Debug|Any CPU
		{F6183EA8-79E9-4F3F-9801-FFEE84944BF0}.Debug|Any CPU.Build.0 = Debug|Any CPU
		{F6183EA8-79E9-4F3F-9801-FFEE84944BF0}.Release|Any CPU.ActiveCfg = Release|Any CPU
		{F6183EA8-79E9-4F3F-9801-FFEE84944BF0}.Release|Any CPU.Build.0 = Release|Any CPU
		{1292CD1C-7A07-4F94-8DA9-4E9ABC966271}.Debug|Any CPU.ActiveCfg = Debug|Any CPU
		{1292CD1C-7A07-4F94-8DA9-4E9ABC966271}.Debug|Any CPU.Build.0 = Debug|Any CPU
		{1292CD1C-7A07-4F94-8DA9-4E9ABC966271}.Release|Any CPU.ActiveCfg = Release|Any CPU
		{1292CD1C-7A07-4F94-8DA9-4E9ABC966271}.Release|Any CPU.Build.0 = Release|Any CPU
		{298607A6-0076-4645-A56C-51A3B618F6E7}.Debug|Any CPU.ActiveCfg = Debug|Any CPU
		{298607A6-0076-4645-A56C-51A3B618F6E7}.Debug|Any CPU.Build.0 = Debug|Any CPU
		{298607A6-0076-4645-A56C-51A3B618F6E7}.Release|Any CPU.ActiveCfg = Release|Any CPU
		{298607A6-0076-4645-A56C-51A3B618F6E7}.Release|Any CPU.Build.0 = Release|Any CPU
		{626348AE-4E2A-48B0-B6B2-9B6C0F160B08}.Debug|Any CPU.ActiveCfg = Debug|Any CPU
		{626348AE-4E2A-48B0-B6B2-9B6C0F160B08}.Debug|Any CPU.Build.0 = Debug|Any CPU
		{626348AE-4E2A-48B0-B6B2-9B6C0F160B08}.Release|Any CPU.ActiveCfg = Release|Any CPU
		{626348AE-4E2A-48B0-B6B2-9B6C0F160B08}.Release|Any CPU.Build.0 = Release|Any CPU
		{9B11DBCA-9679-4292-8C81-5E70E6B80E68}.Debug|Any CPU.ActiveCfg = Debug|Any CPU
		{9B11DBCA-9679-4292-8C81-5E70E6B80E68}.Debug|Any CPU.Build.0 = Debug|Any CPU
		{9B11DBCA-9679-4292-8C81-5E70E6B80E68}.Release|Any CPU.ActiveCfg = Release|Any CPU
		{9B11DBCA-9679-4292-8C81-5E70E6B80E68}.Release|Any CPU.Build.0 = Release|Any CPU
		{87D28F55-1766-41AA-87B3-5DB2FBD6802B}.Debug|Any CPU.ActiveCfg = Debug|Any CPU
		{87D28F55-1766-41AA-87B3-5DB2FBD6802B}.Debug|Any CPU.Build.0 = Debug|Any CPU
		{87D28F55-1766-41AA-87B3-5DB2FBD6802B}.Release|Any CPU.ActiveCfg = Release|Any CPU
		{87D28F55-1766-41AA-87B3-5DB2FBD6802B}.Release|Any CPU.Build.0 = Release|Any CPU
		{CC7C39E0-BC7B-407A-895A-BEA78B06419E}.Debug|Any CPU.ActiveCfg = Debug|Any CPU
		{CC7C39E0-BC7B-407A-895A-BEA78B06419E}.Debug|Any CPU.Build.0 = Debug|Any CPU
		{CC7C39E0-BC7B-407A-895A-BEA78B06419E}.Release|Any CPU.ActiveCfg = Release|Any CPU
		{CC7C39E0-BC7B-407A-895A-BEA78B06419E}.Release|Any CPU.Build.0 = Release|Any CPU
		{96063F20-7F57-43F3-9670-7F2F26DBB965}.Debug|Any CPU.ActiveCfg = Debug|Any CPU
		{96063F20-7F57-43F3-9670-7F2F26DBB965}.Debug|Any CPU.Build.0 = Debug|Any CPU
		{96063F20-7F57-43F3-9670-7F2F26DBB965}.Release|Any CPU.ActiveCfg = Release|Any CPU
		{96063F20-7F57-43F3-9670-7F2F26DBB965}.Release|Any CPU.Build.0 = Release|Any CPU
		{FD3E01E5-9467-4D3D-A005-EE082285AA58}.Debug|Any CPU.ActiveCfg = Debug|Any CPU
		{FD3E01E5-9467-4D3D-A005-EE082285AA58}.Debug|Any CPU.Build.0 = Debug|Any CPU
		{FD3E01E5-9467-4D3D-A005-EE082285AA58}.Release|Any CPU.ActiveCfg = Release|Any CPU
		{FD3E01E5-9467-4D3D-A005-EE082285AA58}.Release|Any CPU.Build.0 = Release|Any CPU
		{6EB30CC1-3576-410D-BAF9-271771A549B6}.Debug|Any CPU.ActiveCfg = Debug|Any CPU
		{6EB30CC1-3576-410D-BAF9-271771A549B6}.Debug|Any CPU.Build.0 = Debug|Any CPU
		{6EB30CC1-3576-410D-BAF9-271771A549B6}.Release|Any CPU.ActiveCfg = Release|Any CPU
		{6EB30CC1-3576-410D-BAF9-271771A549B6}.Release|Any CPU.Build.0 = Release|Any CPU
		{6A0EC8B1-933D-45B1-A6A5-9BD3C1900F99}.Debug|Any CPU.ActiveCfg = Debug|Any CPU
		{6A0EC8B1-933D-45B1-A6A5-9BD3C1900F99}.Debug|Any CPU.Build.0 = Debug|Any CPU
		{6A0EC8B1-933D-45B1-A6A5-9BD3C1900F99}.Release|Any CPU.ActiveCfg = Release|Any CPU
		{6A0EC8B1-933D-45B1-A6A5-9BD3C1900F99}.Release|Any CPU.Build.0 = Release|Any CPU
		{9E829801-3CCF-49CC-8681-7A28E7824A97}.Debug|Any CPU.ActiveCfg = Debug|Any CPU
		{9E829801-3CCF-49CC-8681-7A28E7824A97}.Debug|Any CPU.Build.0 = Debug|Any CPU
		{9E829801-3CCF-49CC-8681-7A28E7824A97}.Release|Any CPU.ActiveCfg = Release|Any CPU
		{9E829801-3CCF-49CC-8681-7A28E7824A97}.Release|Any CPU.Build.0 = Release|Any CPU
		{EADAB894-D963-44C4-9DBA-30B08221B981}.Debug|Any CPU.ActiveCfg = Debug|Any CPU
		{EADAB894-D963-44C4-9DBA-30B08221B981}.Debug|Any CPU.Build.0 = Debug|Any CPU
		{EADAB894-D963-44C4-9DBA-30B08221B981}.Release|Any CPU.ActiveCfg = Release|Any CPU
		{EADAB894-D963-44C4-9DBA-30B08221B981}.Release|Any CPU.Build.0 = Release|Any CPU
		{678B8858-10F1-4848-A0AB-5D85735CC369}.Debug|Any CPU.ActiveCfg = Debug|Any CPU
		{678B8858-10F1-4848-A0AB-5D85735CC369}.Debug|Any CPU.Build.0 = Debug|Any CPU
		{678B8858-10F1-4848-A0AB-5D85735CC369}.Release|Any CPU.ActiveCfg = Release|Any CPU
		{678B8858-10F1-4848-A0AB-5D85735CC369}.Release|Any CPU.Build.0 = Release|Any CPU
		{B71A048B-3C81-4DDF-BC8E-4C7FF6D52E00}.Debug|Any CPU.ActiveCfg = Debug|Any CPU
		{B71A048B-3C81-4DDF-BC8E-4C7FF6D52E00}.Debug|Any CPU.Build.0 = Debug|Any CPU
		{B71A048B-3C81-4DDF-BC8E-4C7FF6D52E00}.Release|Any CPU.ActiveCfg = Release|Any CPU
		{B71A048B-3C81-4DDF-BC8E-4C7FF6D52E00}.Release|Any CPU.Build.0 = Release|Any CPU
		{A5B584E4-506F-435A-9E27-B751532F1613}.Debug|Any CPU.ActiveCfg = Debug|Any CPU
		{A5B584E4-506F-435A-9E27-B751532F1613}.Debug|Any CPU.Build.0 = Debug|Any CPU
		{A5B584E4-506F-435A-9E27-B751532F1613}.Release|Any CPU.ActiveCfg = Release|Any CPU
		{A5B584E4-506F-435A-9E27-B751532F1613}.Release|Any CPU.Build.0 = Release|Any CPU
		{8C6A4C2E-46E5-4CC7-ADE1-DD9A16DB0EB1}.Debug|Any CPU.ActiveCfg = Debug|Any CPU
		{8C6A4C2E-46E5-4CC7-ADE1-DD9A16DB0EB1}.Debug|Any CPU.Build.0 = Debug|Any CPU
		{8C6A4C2E-46E5-4CC7-ADE1-DD9A16DB0EB1}.Release|Any CPU.ActiveCfg = Release|Any CPU
		{8C6A4C2E-46E5-4CC7-ADE1-DD9A16DB0EB1}.Release|Any CPU.Build.0 = Release|Any CPU
		{2382F5FD-A29F-4F5A-8B75-9AC24441417F}.Debug|Any CPU.ActiveCfg = Debug|Any CPU
		{2382F5FD-A29F-4F5A-8B75-9AC24441417F}.Debug|Any CPU.Build.0 = Debug|Any CPU
		{2382F5FD-A29F-4F5A-8B75-9AC24441417F}.Release|Any CPU.ActiveCfg = Release|Any CPU
		{2382F5FD-A29F-4F5A-8B75-9AC24441417F}.Release|Any CPU.Build.0 = Release|Any CPU
		{3552B68E-2DCC-4097-A0F4-BBD1FD94DF1B}.Debug|Any CPU.ActiveCfg = Debug|Any CPU
		{3552B68E-2DCC-4097-A0F4-BBD1FD94DF1B}.Debug|Any CPU.Build.0 = Debug|Any CPU
		{3552B68E-2DCC-4097-A0F4-BBD1FD94DF1B}.Release|Any CPU.ActiveCfg = Release|Any CPU
		{3552B68E-2DCC-4097-A0F4-BBD1FD94DF1B}.Release|Any CPU.Build.0 = Release|Any CPU
		{A7A02945-890E-4A42-A15D-CF4872C24069}.Debug|Any CPU.ActiveCfg = Debug|Any CPU
		{A7A02945-890E-4A42-A15D-CF4872C24069}.Debug|Any CPU.Build.0 = Debug|Any CPU
		{A7A02945-890E-4A42-A15D-CF4872C24069}.Release|Any CPU.ActiveCfg = Release|Any CPU
		{A7A02945-890E-4A42-A15D-CF4872C24069}.Release|Any CPU.Build.0 = Release|Any CPU
		{E9EB8F05-E252-455D-B47F-238B38C2761B}.Debug|Any CPU.ActiveCfg = Debug|Any CPU
		{E9EB8F05-E252-455D-B47F-238B38C2761B}.Debug|Any CPU.Build.0 = Debug|Any CPU
		{E9EB8F05-E252-455D-B47F-238B38C2761B}.Release|Any CPU.ActiveCfg = Release|Any CPU
		{E9EB8F05-E252-455D-B47F-238B38C2761B}.Release|Any CPU.Build.0 = Release|Any CPU
		{5BEBACC2-DE40-4682-A34B-F8642E076DA9}.Debug|Any CPU.ActiveCfg = Debug|Any CPU
		{5BEBACC2-DE40-4682-A34B-F8642E076DA9}.Debug|Any CPU.Build.0 = Debug|Any CPU
		{5BEBACC2-DE40-4682-A34B-F8642E076DA9}.Release|Any CPU.ActiveCfg = Release|Any CPU
		{5BEBACC2-DE40-4682-A34B-F8642E076DA9}.Release|Any CPU.Build.0 = Release|Any CPU
		{DBC76971-921E-4815-8BEE-3CAA063A5340}.Debug|Any CPU.ActiveCfg = Debug|Any CPU
		{DBC76971-921E-4815-8BEE-3CAA063A5340}.Debug|Any CPU.Build.0 = Debug|Any CPU
		{DBC76971-921E-4815-8BEE-3CAA063A5340}.Release|Any CPU.ActiveCfg = Release|Any CPU
		{DBC76971-921E-4815-8BEE-3CAA063A5340}.Release|Any CPU.Build.0 = Release|Any CPU
		{5B0192B3-8B75-4DE6-A4DB-790BCC4FE530}.Debug|Any CPU.ActiveCfg = Debug|Any CPU
		{5B0192B3-8B75-4DE6-A4DB-790BCC4FE530}.Debug|Any CPU.Build.0 = Debug|Any CPU
		{5B0192B3-8B75-4DE6-A4DB-790BCC4FE530}.Release|Any CPU.ActiveCfg = Release|Any CPU
		{5B0192B3-8B75-4DE6-A4DB-790BCC4FE530}.Release|Any CPU.Build.0 = Release|Any CPU
		{8FEDFF69-63C3-4C3C-AFFB-19B44190C2E2}.Debug|Any CPU.ActiveCfg = Debug|Any CPU
		{8FEDFF69-63C3-4C3C-AFFB-19B44190C2E2}.Debug|Any CPU.Build.0 = Debug|Any CPU
		{8FEDFF69-63C3-4C3C-AFFB-19B44190C2E2}.Release|Any CPU.ActiveCfg = Release|Any CPU
		{8FEDFF69-63C3-4C3C-AFFB-19B44190C2E2}.Release|Any CPU.Build.0 = Release|Any CPU
		{6713A476-7266-4A88-920D-83E9F8BF6FE2}.Debug|Any CPU.ActiveCfg = Debug|Any CPU
		{6713A476-7266-4A88-920D-83E9F8BF6FE2}.Debug|Any CPU.Build.0 = Debug|Any CPU
		{6713A476-7266-4A88-920D-83E9F8BF6FE2}.Release|Any CPU.ActiveCfg = Release|Any CPU
		{6713A476-7266-4A88-920D-83E9F8BF6FE2}.Release|Any CPU.Build.0 = Release|Any CPU
		{A38756A6-8513-40E6-A1B8-518EA4DAB48F}.Debug|Any CPU.ActiveCfg = Debug|Any CPU
		{A38756A6-8513-40E6-A1B8-518EA4DAB48F}.Debug|Any CPU.Build.0 = Debug|Any CPU
		{A38756A6-8513-40E6-A1B8-518EA4DAB48F}.Release|Any CPU.ActiveCfg = Release|Any CPU
		{A38756A6-8513-40E6-A1B8-518EA4DAB48F}.Release|Any CPU.Build.0 = Release|Any CPU
		{120F8D06-689F-4AA4-B80F-C298936F905C}.Debug|Any CPU.ActiveCfg = Debug|Any CPU
		{120F8D06-689F-4AA4-B80F-C298936F905C}.Debug|Any CPU.Build.0 = Debug|Any CPU
		{120F8D06-689F-4AA4-B80F-C298936F905C}.Release|Any CPU.ActiveCfg = Release|Any CPU
		{120F8D06-689F-4AA4-B80F-C298936F905C}.Release|Any CPU.Build.0 = Release|Any CPU
		{215208C7-13E8-4CCC-8B39-0748B8DB4F98}.Debug|Any CPU.ActiveCfg = Debug|Any CPU
		{215208C7-13E8-4CCC-8B39-0748B8DB4F98}.Debug|Any CPU.Build.0 = Debug|Any CPU
		{215208C7-13E8-4CCC-8B39-0748B8DB4F98}.Release|Any CPU.ActiveCfg = Release|Any CPU
		{215208C7-13E8-4CCC-8B39-0748B8DB4F98}.Release|Any CPU.Build.0 = Release|Any CPU
		{8C6FC567-7F5D-40CE-BC48-AD030D87F95F}.Debug|Any CPU.ActiveCfg = Debug|Any CPU
		{8C6FC567-7F5D-40CE-BC48-AD030D87F95F}.Debug|Any CPU.Build.0 = Debug|Any CPU
		{8C6FC567-7F5D-40CE-BC48-AD030D87F95F}.Release|Any CPU.ActiveCfg = Release|Any CPU
		{8C6FC567-7F5D-40CE-BC48-AD030D87F95F}.Release|Any CPU.Build.0 = Release|Any CPU
		{364682C2-3FA0-4922-9731-95E9526701F8}.Debug|Any CPU.ActiveCfg = Debug|Any CPU
		{364682C2-3FA0-4922-9731-95E9526701F8}.Debug|Any CPU.Build.0 = Debug|Any CPU
		{364682C2-3FA0-4922-9731-95E9526701F8}.Release|Any CPU.ActiveCfg = Release|Any CPU
		{364682C2-3FA0-4922-9731-95E9526701F8}.Release|Any CPU.Build.0 = Release|Any CPU
		{0A621A28-0CB6-454D-8E7C-3A3282E8BDB6}.Debug|Any CPU.ActiveCfg = Debug|Any CPU
		{0A621A28-0CB6-454D-8E7C-3A3282E8BDB6}.Debug|Any CPU.Build.0 = Debug|Any CPU
		{0A621A28-0CB6-454D-8E7C-3A3282E8BDB6}.Release|Any CPU.ActiveCfg = Release|Any CPU
		{0A621A28-0CB6-454D-8E7C-3A3282E8BDB6}.Release|Any CPU.Build.0 = Release|Any CPU
		{99DBDB56-3BE4-42A5-9158-F65FB1654B68}.Debug|Any CPU.ActiveCfg = Debug|Any CPU
		{99DBDB56-3BE4-42A5-9158-F65FB1654B68}.Debug|Any CPU.Build.0 = Debug|Any CPU
		{99DBDB56-3BE4-42A5-9158-F65FB1654B68}.Release|Any CPU.ActiveCfg = Release|Any CPU
		{99DBDB56-3BE4-42A5-9158-F65FB1654B68}.Release|Any CPU.Build.0 = Release|Any CPU
		{DE9A8213-85DC-4C54-BEF9-219D04EDA1D3}.Debug|Any CPU.ActiveCfg = Debug|Any CPU
		{DE9A8213-85DC-4C54-BEF9-219D04EDA1D3}.Debug|Any CPU.Build.0 = Debug|Any CPU
		{DE9A8213-85DC-4C54-BEF9-219D04EDA1D3}.Release|Any CPU.ActiveCfg = Release|Any CPU
		{DE9A8213-85DC-4C54-BEF9-219D04EDA1D3}.Release|Any CPU.Build.0 = Release|Any CPU
		{5E34A077-F61D-4B1F-989E-6607F54DDDB4}.Debug|Any CPU.ActiveCfg = Debug|Any CPU
		{5E34A077-F61D-4B1F-989E-6607F54DDDB4}.Debug|Any CPU.Build.0 = Debug|Any CPU
		{5E34A077-F61D-4B1F-989E-6607F54DDDB4}.Release|Any CPU.ActiveCfg = Release|Any CPU
		{5E34A077-F61D-4B1F-989E-6607F54DDDB4}.Release|Any CPU.Build.0 = Release|Any CPU
		{5B7E539B-2AEF-4794-A2F4-2941EAF44239}.Debug|Any CPU.ActiveCfg = Debug|Any CPU
		{5B7E539B-2AEF-4794-A2F4-2941EAF44239}.Debug|Any CPU.Build.0 = Debug|Any CPU
		{5B7E539B-2AEF-4794-A2F4-2941EAF44239}.Release|Any CPU.ActiveCfg = Release|Any CPU
		{5B7E539B-2AEF-4794-A2F4-2941EAF44239}.Release|Any CPU.Build.0 = Release|Any CPU
		{2AAD541F-93EE-4967-B423-6906FF887EEC}.Debug|Any CPU.ActiveCfg = Debug|Any CPU
		{2AAD541F-93EE-4967-B423-6906FF887EEC}.Debug|Any CPU.Build.0 = Debug|Any CPU
		{2AAD541F-93EE-4967-B423-6906FF887EEC}.Release|Any CPU.ActiveCfg = Release|Any CPU
		{2AAD541F-93EE-4967-B423-6906FF887EEC}.Release|Any CPU.Build.0 = Release|Any CPU
		{91A361C8-9E94-469D-BCAE-9C7F77331A31}.Debug|Any CPU.ActiveCfg = Debug|Any CPU
		{91A361C8-9E94-469D-BCAE-9C7F77331A31}.Debug|Any CPU.Build.0 = Debug|Any CPU
		{91A361C8-9E94-469D-BCAE-9C7F77331A31}.Release|Any CPU.ActiveCfg = Release|Any CPU
		{91A361C8-9E94-469D-BCAE-9C7F77331A31}.Release|Any CPU.Build.0 = Release|Any CPU
		{77771F17-A1DB-436A-A06F-6D656A899300}.Debug|Any CPU.ActiveCfg = Debug|Any CPU
		{77771F17-A1DB-436A-A06F-6D656A899300}.Debug|Any CPU.Build.0 = Debug|Any CPU
		{77771F17-A1DB-436A-A06F-6D656A899300}.Release|Any CPU.ActiveCfg = Release|Any CPU
		{77771F17-A1DB-436A-A06F-6D656A899300}.Release|Any CPU.Build.0 = Release|Any CPU
		{DC02BEC8-D31C-4583-A65F-71805825E851}.Debug|Any CPU.ActiveCfg = Debug|Any CPU
		{DC02BEC8-D31C-4583-A65F-71805825E851}.Debug|Any CPU.Build.0 = Debug|Any CPU
		{DC02BEC8-D31C-4583-A65F-71805825E851}.Release|Any CPU.ActiveCfg = Release|Any CPU
		{DC02BEC8-D31C-4583-A65F-71805825E851}.Release|Any CPU.Build.0 = Release|Any CPU
		{8AB8EC94-C5FB-41C3-92D9-C5E0D6ED01BF}.Debug|Any CPU.ActiveCfg = Debug|Any CPU
		{8AB8EC94-C5FB-41C3-92D9-C5E0D6ED01BF}.Debug|Any CPU.Build.0 = Debug|Any CPU
		{8AB8EC94-C5FB-41C3-92D9-C5E0D6ED01BF}.Release|Any CPU.ActiveCfg = Release|Any CPU
		{8AB8EC94-C5FB-41C3-92D9-C5E0D6ED01BF}.Release|Any CPU.Build.0 = Release|Any CPU
		{F8EAEC9B-762F-4DFC-B2A2-731294CC04DF}.Debug|Any CPU.ActiveCfg = Debug|Any CPU
		{F8EAEC9B-762F-4DFC-B2A2-731294CC04DF}.Debug|Any CPU.Build.0 = Debug|Any CPU
		{F8EAEC9B-762F-4DFC-B2A2-731294CC04DF}.Release|Any CPU.ActiveCfg = Release|Any CPU
		{F8EAEC9B-762F-4DFC-B2A2-731294CC04DF}.Release|Any CPU.Build.0 = Release|Any CPU
		{AD1B7AD5-AF1C-4A69-B720-532FED52A000}.Debug|Any CPU.ActiveCfg = Debug|Any CPU
		{AD1B7AD5-AF1C-4A69-B720-532FED52A000}.Debug|Any CPU.Build.0 = Debug|Any CPU
		{AD1B7AD5-AF1C-4A69-B720-532FED52A000}.Release|Any CPU.ActiveCfg = Release|Any CPU
		{AD1B7AD5-AF1C-4A69-B720-532FED52A000}.Release|Any CPU.Build.0 = Release|Any CPU
		{F235E1D7-40CC-44CC-8D85-0FB79AA04C66}.Debug|Any CPU.ActiveCfg = Debug|Any CPU
		{F235E1D7-40CC-44CC-8D85-0FB79AA04C66}.Debug|Any CPU.Build.0 = Debug|Any CPU
		{F235E1D7-40CC-44CC-8D85-0FB79AA04C66}.Release|Any CPU.ActiveCfg = Release|Any CPU
		{F235E1D7-40CC-44CC-8D85-0FB79AA04C66}.Release|Any CPU.Build.0 = Release|Any CPU
		{C6368CBB-57E2-4B02-AB1D-55186DDEBE27}.Debug|Any CPU.ActiveCfg = Debug|Any CPU
		{C6368CBB-57E2-4B02-AB1D-55186DDEBE27}.Debug|Any CPU.Build.0 = Debug|Any CPU
		{C6368CBB-57E2-4B02-AB1D-55186DDEBE27}.Release|Any CPU.ActiveCfg = Release|Any CPU
		{C6368CBB-57E2-4B02-AB1D-55186DDEBE27}.Release|Any CPU.Build.0 = Release|Any CPU
		{B61A258C-483A-469D-8E18-7EE04B99AB25}.Debug|Any CPU.ActiveCfg = Debug|Any CPU
		{B61A258C-483A-469D-8E18-7EE04B99AB25}.Debug|Any CPU.Build.0 = Debug|Any CPU
		{B61A258C-483A-469D-8E18-7EE04B99AB25}.Release|Any CPU.ActiveCfg = Release|Any CPU
		{B61A258C-483A-469D-8E18-7EE04B99AB25}.Release|Any CPU.Build.0 = Release|Any CPU
		{D68020FD-4798-4D5A-949E-8EE8ACC8BEB5}.Debug|Any CPU.ActiveCfg = Debug|Any CPU
		{D68020FD-4798-4D5A-949E-8EE8ACC8BEB5}.Debug|Any CPU.Build.0 = Debug|Any CPU
		{D68020FD-4798-4D5A-949E-8EE8ACC8BEB5}.Release|Any CPU.ActiveCfg = Release|Any CPU
		{D68020FD-4798-4D5A-949E-8EE8ACC8BEB5}.Release|Any CPU.Build.0 = Release|Any CPU
		{E1BEB344-C772-4507-870A-0CB45CCFC345}.Debug|Any CPU.ActiveCfg = Debug|Any CPU
		{E1BEB344-C772-4507-870A-0CB45CCFC345}.Debug|Any CPU.Build.0 = Debug|Any CPU
		{E1BEB344-C772-4507-870A-0CB45CCFC345}.Release|Any CPU.ActiveCfg = Release|Any CPU
		{E1BEB344-C772-4507-870A-0CB45CCFC345}.Release|Any CPU.Build.0 = Release|Any CPU
		{1899ABAB-577E-40ED-8B4B-AAB40A2A8AB8}.Debug|Any CPU.ActiveCfg = Debug|Any CPU
		{1899ABAB-577E-40ED-8B4B-AAB40A2A8AB8}.Debug|Any CPU.Build.0 = Debug|Any CPU
		{1899ABAB-577E-40ED-8B4B-AAB40A2A8AB8}.Release|Any CPU.ActiveCfg = Release|Any CPU
		{1899ABAB-577E-40ED-8B4B-AAB40A2A8AB8}.Release|Any CPU.Build.0 = Release|Any CPU
		{0D1F17E8-EEB7-4B14-8D02-108C6EE6F44A}.Debug|Any CPU.ActiveCfg = Debug|Any CPU
		{0D1F17E8-EEB7-4B14-8D02-108C6EE6F44A}.Debug|Any CPU.Build.0 = Debug|Any CPU
		{0D1F17E8-EEB7-4B14-8D02-108C6EE6F44A}.Release|Any CPU.ActiveCfg = Release|Any CPU
		{0D1F17E8-EEB7-4B14-8D02-108C6EE6F44A}.Release|Any CPU.Build.0 = Release|Any CPU
		{87CC4818-CCD8-4C99-A8DA-FDBD8769BB6C}.Debug|Any CPU.ActiveCfg = Debug|Any CPU
		{87CC4818-CCD8-4C99-A8DA-FDBD8769BB6C}.Debug|Any CPU.Build.0 = Debug|Any CPU
		{87CC4818-CCD8-4C99-A8DA-FDBD8769BB6C}.Release|Any CPU.ActiveCfg = Release|Any CPU
		{87CC4818-CCD8-4C99-A8DA-FDBD8769BB6C}.Release|Any CPU.Build.0 = Release|Any CPU
		{05CC02A3-E2AD-442F-BAE5-C6B510735702}.Debug|Any CPU.ActiveCfg = Debug|Any CPU
		{05CC02A3-E2AD-442F-BAE5-C6B510735702}.Debug|Any CPU.Build.0 = Debug|Any CPU
		{05CC02A3-E2AD-442F-BAE5-C6B510735702}.Release|Any CPU.ActiveCfg = Release|Any CPU
		{05CC02A3-E2AD-442F-BAE5-C6B510735702}.Release|Any CPU.Build.0 = Release|Any CPU
		{07F51CA9-F07D-490C-B7D7-4F8D7EE860B6}.Debug|Any CPU.ActiveCfg = Debug|Any CPU
		{07F51CA9-F07D-490C-B7D7-4F8D7EE860B6}.Debug|Any CPU.Build.0 = Debug|Any CPU
		{07F51CA9-F07D-490C-B7D7-4F8D7EE860B6}.Release|Any CPU.ActiveCfg = Release|Any CPU
		{07F51CA9-F07D-490C-B7D7-4F8D7EE860B6}.Release|Any CPU.Build.0 = Release|Any CPU
		{EE0E0F62-E07F-4C94-B50C-2A77E5C8B850}.Debug|Any CPU.ActiveCfg = Debug|Any CPU
		{EE0E0F62-E07F-4C94-B50C-2A77E5C8B850}.Debug|Any CPU.Build.0 = Debug|Any CPU
		{EE0E0F62-E07F-4C94-B50C-2A77E5C8B850}.Release|Any CPU.ActiveCfg = Release|Any CPU
		{EE0E0F62-E07F-4C94-B50C-2A77E5C8B850}.Release|Any CPU.Build.0 = Release|Any CPU
		{FE85AC9E-CC65-4C0E-8F3C-69C9B032D044}.Debug|Any CPU.ActiveCfg = Debug|Any CPU
		{FE85AC9E-CC65-4C0E-8F3C-69C9B032D044}.Debug|Any CPU.Build.0 = Debug|Any CPU
		{FE85AC9E-CC65-4C0E-8F3C-69C9B032D044}.Release|Any CPU.ActiveCfg = Release|Any CPU
		{FE85AC9E-CC65-4C0E-8F3C-69C9B032D044}.Release|Any CPU.Build.0 = Release|Any CPU
		{64E50120-347E-42F8-BC10-02AB70D4940A}.Debug|Any CPU.ActiveCfg = Debug|Any CPU
		{64E50120-347E-42F8-BC10-02AB70D4940A}.Debug|Any CPU.Build.0 = Debug|Any CPU
		{64E50120-347E-42F8-BC10-02AB70D4940A}.Release|Any CPU.ActiveCfg = Release|Any CPU
		{64E50120-347E-42F8-BC10-02AB70D4940A}.Release|Any CPU.Build.0 = Release|Any CPU
	EndGlobalSection
	GlobalSection(SolutionProperties) = preSolution
		HideSolutionNode = FALSE
	EndGlobalSection
	GlobalSection(ExtensibilityGlobals) = postSolution
		SolutionGuid = {B7237F7E-6AD7-4131-8F02-E2F42409215E}
	EndGlobalSection
EndGlobal
